{
  "name": "chat-langchain",
  "lockfileVersion": 3,
  "requires": true,
  "packages": {
    "": {
      "devDependencies": {
        "@types/dompurify": "^3.2.0"
      }
    },
    "node_modules/@types/dompurify": {
      "version": "3.2.0",
      "resolved": "https://registry.npmjs.org/@types/dompurify/-/dompurify-3.2.0.tgz",
      "integrity": "sha512-Fgg31wv9QbLDA0SpTOXO3MaxySc4DKGLi8sna4/Utjo4r3ZRPdCt4UQee8BWr+Q5z21yifghREPJGYaEOEIACg==",
      "deprecated": "This is a stub types definition. dompurify provides its own type definitions, so you do not need this installed.",
      "dev": true,
      "dependencies": {
        "dompurify": "*"
      }
    },
    "node_modules/@types/trusted-types": {
      "version": "2.0.7",
      "resolved": "https://registry.npmjs.org/@types/trusted-types/-/trusted-types-2.0.7.tgz",
      "integrity": "sha512-ScaPdn1dQczgbl0QFTeTOmVHFULt394XJgOQNoyVhZ6r2vLnMLJfBPd53SB52T/3G36VI1/g2MZaX0cwDuXsfw==",
      "dev": true,
      "optional": true
    },
    "node_modules/dompurify": {
      "version": "3.2.6",
      "resolved": "https://registry.npmjs.org/dompurify/-/dompurify-3.2.6.tgz",
      "integrity": "sha512-/2GogDQlohXPZe6D6NOgQvXLPSYBqIWMnZ8zzOhn09REE4eyAzb+Hed3jhoM9OkuaJ8P6ZGTTVWQKAi8ieIzfQ==",
      "dev": true,
      "optionalDependencies": {
        "@types/trusted-types": "^2.0.7"
      }
    }
  }
}
